
Microsoft Visual Studio Solution File, Format Version 12.00
# Visual Studio 15
VisualStudioVersion = 15.0.27004.2005
MinimumVisualStudioVersion = 10.0.40219.1
Project("{FAE04EC0-301F-11D3-BF4B-00C04F79EFBC}") = "Opgave klasse Beer", "Opgave klasse Beer\Opgave klasse Beer.csproj", "{8FD1BEC3-A740-452B-B99A-43C6A3E2D79E}"
EndProject
Global
	GlobalSection(SolutionConfigurationPlatforms) = preSolution
		Debug|Any CPU = Debug|Any CPU
		Release|Any CPU = Release|Any CPU
	EndGlobalSection
	GlobalSection(ProjectConfigurationPlatforms) = postSolution
		{8FD1BEC3-A740-452B-B99A-43C6A3E2D79E}.Debug|Any CPU.ActiveCfg = Debug|Any CPU
		{8FD1BEC3-A740-452B-B99A-43C6A3E2D79E}.Debug|Any CPU.Build.0 = Debug|Any CPU
		{8FD1BEC3-A740-452B-B99A-43C6A3E2D79E}.Release|Any CPU.ActiveCfg = Release|Any CPU
		{8FD1BEC3-A740-452B-B99A-43C6A3E2D79E}.Release|Any CPU.Build.0 = Release|Any CPU
	EndGlobalSection
	GlobalSection(SolutionProperties) = preSolution
		HideSolutionNode = FALSE
	EndGlobalSection
	GlobalSection(ExtensibilityGlobals) = postSolution
		SolutionGuid = {3BF9007A-A834-4B5F-8DDE-66DDF1AEFF85}
	EndGlobalSection
EndGlobal
