
Microsoft Visual Studio Solution File, Format Version 12.00
# Visual Studio 15
VisualStudioVersion = 15.0.27004.2005
MinimumVisualStudioVersion = 10.0.40219.1
Project("{FAE04EC0-301F-11D3-BF4B-00C04F79EFBC}") = "Simon Opgaver", "Simon Opgaver\Simon Opgaver.csproj", "{DAC5C536-0066-4771-9948-D9BEBC9BB585}"
EndProject
Global
	GlobalSection(SolutionConfigurationPlatforms) = preSolution
		Debug|Any CPU = Debug|Any CPU
		Release|Any CPU = Release|Any CPU
	EndGlobalSection
	GlobalSection(ProjectConfigurationPlatforms) = postSolution
		{DAC5C536-0066-4771-9948-D9BEBC9BB585}.Debug|Any CPU.ActiveCfg = Debug|Any CPU
		{DAC5C536-0066-4771-9948-D9BEBC9BB585}.Debug|Any CPU.Build.0 = Debug|Any CPU
		{DAC5C536-0066-4771-9948-D9BEBC9BB585}.Release|Any CPU.ActiveCfg = Release|Any CPU
		{DAC5C536-0066-4771-9948-D9BEBC9BB585}.Release|Any CPU.Build.0 = Release|Any CPU
	EndGlobalSection
	GlobalSection(SolutionProperties) = preSolution
		HideSolutionNode = FALSE
	EndGlobalSection
	GlobalSection(ExtensibilityGlobals) = postSolution
		SolutionGuid = {D8C4ADB4-7BA0-4538-8F53-924E7D3C4751}
	EndGlobalSection
EndGlobal
