
Microsoft Visual Studio Solution File, Format Version 12.00
# Visual Studio 15
VisualStudioVersion = 15.0.26730.16
MinimumVisualStudioVersion = 10.0.40219.1
Project("{FAE04EC0-301F-11D3-BF4B-00C04F79EFBC}") = "ConsoleApp1", "ConsoleApp1\ConsoleApp1.csproj", "{606DAAC5-A397-4492-983C-395E3AFE273B}"
EndProject
Global
	GlobalSection(SolutionConfigurationPlatforms) = preSolution
		Debug|Any CPU = Debug|Any CPU
		Release|Any CPU = Release|Any CPU
	EndGlobalSection
	GlobalSection(ProjectConfigurationPlatforms) = postSolution
		{606DAAC5-A397-4492-983C-395E3AFE273B}.Debug|Any CPU.ActiveCfg = Debug|Any CPU
		{606DAAC5-A397-4492-983C-395E3AFE273B}.Debug|Any CPU.Build.0 = Debug|Any CPU
		{606DAAC5-A397-4492-983C-395E3AFE273B}.Release|Any CPU.ActiveCfg = Release|Any CPU
		{606DAAC5-A397-4492-983C-395E3AFE273B}.Release|Any CPU.Build.0 = Release|Any CPU
	EndGlobalSection
	GlobalSection(SolutionProperties) = preSolution
		HideSolutionNode = FALSE
	EndGlobalSection
	GlobalSection(ExtensibilityGlobals) = postSolution
		SolutionGuid = {D2D703E4-EC9C-4EC1-ACFD-729407937F08}
	EndGlobalSection
EndGlobal
