
Microsoft Visual Studio Solution File, Format Version 12.00
# Visual Studio 15
VisualStudioVersion = 15.0.27004.2005
MinimumVisualStudioVersion = 10.0.40219.1
Project("{FAE04EC0-301F-11D3-BF4B-00C04F79EFBC}") = "Interfaces", "Interfaces\Interfaces.csproj", "{3BE40998-4678-4448-B71D-125FED31D621}"
EndProject
Global
	GlobalSection(SolutionConfigurationPlatforms) = preSolution
		Debug|Any CPU = Debug|Any CPU
		Release|Any CPU = Release|Any CPU
	EndGlobalSection
	GlobalSection(ProjectConfigurationPlatforms) = postSolution
		{3BE40998-4678-4448-B71D-125FED31D621}.Debug|Any CPU.ActiveCfg = Debug|Any CPU
		{3BE40998-4678-4448-B71D-125FED31D621}.Debug|Any CPU.Build.0 = Debug|Any CPU
		{3BE40998-4678-4448-B71D-125FED31D621}.Release|Any CPU.ActiveCfg = Release|Any CPU
		{3BE40998-4678-4448-B71D-125FED31D621}.Release|Any CPU.Build.0 = Release|Any CPU
	EndGlobalSection
	GlobalSection(SolutionProperties) = preSolution
		HideSolutionNode = FALSE
	EndGlobalSection
	GlobalSection(ExtensibilityGlobals) = postSolution
		SolutionGuid = {1F459470-C8C3-4368-B8CE-E78B1213027F}
	EndGlobalSection
EndGlobal
